{
  "version": 4,
  "terraform_version": "1.2.8",
  "serial": 208,
  "lineage": "b1e4498f-0c23-cff3-efe2-d5d82852ded9",
  "outputs": {
    "bucket-name": {
      "value": "joel-bucket-093091-sbx",
      "type": "string"
    },
    "reciever-lambda-arn": {
      "value": "arn:aws:lambda:us-east-1:594227135020:function:joelabreu-receiver-lambda",
      "type": "string"
    }
  },
  "resources": [
    {
      "mode": "data",
      "type": "aws_iam_policy_document",
      "name": "get_transcription_policy",
      "provider": "provider[\"registry.terraform.io/hashicorp/aws\"]",
      "instances": [
        {
          "schema_version": 0,
          "attributes": {
            "id": "2779415228",
            "json": "{\n  \"Version\": \"2012-10-17\",\n  \"Statement\": [\n    {\n      \"Sid\": \"1\",\n      \"Effect\": \"Allow\",\n      \"Action\": \"transcribe:GetTranscriptionJob\",\n      \"Resource\": \"*\"\n    },\n    {\n      \"Sid\": \"2\",\n      \"Effect\": \"Allow\",\n      \"Action\": \"s3:PutObject\",\n      \"Resource\": \"arn:aws:s3:::joel-bucket-093091-sbx/*\"\n    },\n    {\n      \"Sid\": \"3\",\n      \"Effect\": \"Allow\",\n      \"Action\": \"sns:Publish\",\n      \"Resource\": \"arn:aws:sns:us-east-1:594227135020:joel_transcribe_notify\"\n    }\n  ]\n}",
            "override_json": null,
            "override_policy_documents": null,
            "policy_id": null,
            "source_json": null,
            "source_policy_documents": null,
            "statement": [
              {
                "actions": [
                  "transcribe:GetTranscriptionJob"
                ],
                "condition": [],
                "effect": "Allow",
                "not_actions": [],
                "not_principals": [],
                "not_resources": [],
                "principals": [],
                "resources": [
                  "*"
                ],
                "sid": "1"
              },
              {
                "actions": [
                  "s3:PutObject"
                ],
                "condition": [],
                "effect": "Allow",
                "not_actions": [],
                "not_principals": [],
                "not_resources": [],
                "principals": [],
                "resources": [
                  "arn:aws:s3:::joel-bucket-093091-sbx/*"
                ],
                "sid": "2"
              },
              {
                "actions": [
                  "sns:Publish"
                ],
                "condition": [],
                "effect": "Allow",
                "not_actions": [],
                "not_principals": [],
                "not_resources": [],
                "principals": [],
                "resources": [
                  "arn:aws:sns:us-east-1:594227135020:joel_transcribe_notify"
                ],
                "sid": "3"
              }
            ],
            "version": "2012-10-17"
          },
          "sensitive_attributes": []
        }
      ]
    },
    {
      "mode": "data",
      "type": "aws_iam_policy_document",
      "name": "receiver_policy",
      "provider": "provider[\"registry.terraform.io/hashicorp/aws\"]",
      "instances": [
        {
          "schema_version": 0,
          "attributes": {
            "id": "2487974262",
            "json": "{\n  \"Version\": \"2012-10-17\",\n  \"Statement\": [\n    {\n      \"Sid\": \"1\",\n      \"Effect\": \"Allow\",\n      \"Action\": \"transcribe:StartTranscriptionJob\",\n      \"Resource\": \"*\"\n    },\n    {\n      \"Sid\": \"2\",\n      \"Effect\": \"Allow\",\n      \"Action\": \"s3:GetObject\",\n      \"Resource\": \"arn:aws:s3:::joel-bucket-093091-sbx/*\"\n    }\n  ]\n}",
            "override_json": null,
            "override_policy_documents": null,
            "policy_id": null,
            "source_json": null,
            "source_policy_documents": null,
            "statement": [
              {
                "actions": [
                  "transcribe:StartTranscriptionJob"
                ],
                "condition": [],
                "effect": "Allow",
                "not_actions": [],
                "not_principals": [],
                "not_resources": [],
                "principals": [],
                "resources": [
                  "*"
                ],
                "sid": "1"
              },
              {
                "actions": [
                  "s3:GetObject"
                ],
                "condition": [],
                "effect": "Allow",
                "not_actions": [],
                "not_principals": [],
                "not_resources": [],
                "principals": [],
                "resources": [
                  "arn:aws:s3:::joel-bucket-093091-sbx/*"
                ],
                "sid": "2"
              }
            ],
            "version": "2012-10-17"
          },
          "sensitive_attributes": []
        }
      ]
    },
    {
      "mode": "managed",
      "type": "aws_cloudwatch_event_rule",
      "name": "transcribe-notify",
      "provider": "provider[\"registry.terraform.io/hashicorp/aws\"]",
      "instances": [
        {
          "schema_version": 0,
          "attributes": {
            "arn": "arn:aws:events:us-east-1:594227135020:rule/joel-transcribe-notify",
            "description": "Capture each transcribe job",
            "event_bus_name": "default",
            "event_pattern": "{\"detail\":{\"TranscriptionJobStatus\":[\"COMPLETED\"]},\"detail-type\":[\"Transcribe Job State Change\"],\"source\":[\"aws.transcribe\"]}",
            "id": "joel-transcribe-notify",
            "is_enabled": true,
            "name": "joel-transcribe-notify",
            "name_prefix": "",
            "role_arn": "",
            "schedule_expression": "",
            "tags": {},
            "tags_all": {}
          },
          "sensitive_attributes": [],
          "private": "bnVsbA=="
        }
      ]
    },
    {
      "mode": "managed",
      "type": "aws_cloudwatch_event_target",
      "name": "transcribe-lambda",
      "provider": "provider[\"registry.terraform.io/hashicorp/aws\"]",
      "instances": [
        {
          "schema_version": 1,
          "attributes": {
            "arn": "arn:aws:lambda:us-east-1:594227135020:function:joelabreu-get-transcription-lambda",
            "batch_target": [],
            "dead_letter_config": [],
            "ecs_target": [],
            "event_bus_name": "default",
            "http_target": [],
            "id": "joel-transcribe-notify-terraform-20221214210640306400000001",
            "input": "",
            "input_path": "",
            "input_transformer": [],
            "kinesis_target": [],
            "redshift_target": [],
            "retry_policy": [],
            "role_arn": "",
            "rule": "joel-transcribe-notify",
            "run_command_targets": [],
            "sqs_target": [],
            "target_id": "terraform-20221214210640306400000001"
          },
          "sensitive_attributes": [],
          "private": "eyJzY2hlbWFfdmVyc2lvbiI6IjEifQ==",
          "dependencies": [
            "aws_cloudwatch_event_rule.transcribe-notify",
            "aws_s3_bucket.bucket1",
            "aws_sns_topic.notify",
            "data.aws_iam_policy_document.get_transcription_policy",
            "module.create_lambda_package.data.external.archive_prepare",
            "module.create_lambda_package.local_file.archive_plan",
            "module.create_lambda_package.null_resource.archive",
            "module.get_transcription_lambda.aws_cloudwatch_log_group.lambda",
            "module.get_transcription_lambda.aws_iam_policy.additional_inline",
            "module.get_transcription_lambda.aws_iam_policy.additional_json",
            "module.get_transcription_lambda.aws_iam_policy.additional_jsons",
            "module.get_transcription_lambda.aws_iam_policy.async",
            "module.get_transcription_lambda.aws_iam_policy.dead_letter",
            "module.get_transcription_lambda.aws_iam_policy.logs",
            "module.get_transcription_lambda.aws_iam_policy.tracing",
            "module.get_transcription_lambda.aws_iam_policy.vpc",
            "module.get_transcription_lambda.aws_iam_role.lambda",
            "module.get_transcription_lambda.aws_iam_role_policy_attachment.additional_inline",
            "module.get_transcription_lambda.aws_iam_role_policy_attachment.additional_json",
            "module.get_transcription_lambda.aws_iam_role_policy_attachment.additional_jsons",
            "module.get_transcription_lambda.aws_iam_role_policy_attachment.additional_many",
            "module.get_transcription_lambda.aws_iam_role_policy_attachment.additional_one",
            "module.get_transcription_lambda.aws_iam_role_policy_attachment.async",
            "module.get_transcription_lambda.aws_iam_role_policy_attachment.dead_letter",
            "module.get_transcription_lambda.aws_iam_role_policy_attachment.logs",
            "module.get_transcription_lambda.aws_iam_role_policy_attachment.tracing",
            "module.get_transcription_lambda.aws_iam_role_policy_attachment.vpc",
            "module.get_transcription_lambda.aws_lambda_function.this",
            "module.get_transcription_lambda.aws_s3_object.lambda_package",
            "module.get_transcription_lambda.data.aws_arn.log_group_arn",
            "module.get_transcription_lambda.data.aws_cloudwatch_log_group.lambda",
            "module.get_transcription_lambda.data.aws_iam_policy.tracing",
            "module.get_transcription_lambda.data.aws_iam_policy.vpc",
            "module.get_transcription_lambda.data.aws_iam_policy_document.additional_inline",
            "module.get_transcription_lambda.data.aws_iam_policy_document.assume_role",
            "module.get_transcription_lambda.data.aws_iam_policy_document.async",
            "module.get_transcription_lambda.data.aws_iam_policy_document.dead_letter",
            "module.get_transcription_lambda.data.aws_iam_policy_document.logs",
            "module.get_transcription_lambda.data.aws_partition.current",
            "module.get_transcription_lambda.data.external.archive_prepare",
            "module.get_transcription_lambda.local_file.archive_plan",
            "module.get_transcription_lambda.null_resource.archive"
          ]
        }
      ]
    },
    {
      "mode": "managed",
      "type": "aws_lambda_permission",
      "name": "allow_bucket",
      "provider": "provider[\"registry.terraform.io/hashicorp/aws\"]",
      "instances": [
        {
          "schema_version": 0,
          "attributes": {
            "action": "lambda:InvokeFunction",
            "event_source_token": null,
            "function_name": "arn:aws:lambda:us-east-1:594227135020:function:joelabreu-receiver-lambda",
            "function_url_auth_type": null,
            "id": "AllowExecutionFromS3Bucket",
            "principal": "s3.amazonaws.com",
            "principal_org_id": null,
            "qualifier": "",
            "source_account": null,
            "source_arn": "arn:aws:s3:::joel-bucket-093091-sbx",
            "statement_id": "AllowExecutionFromS3Bucket",
            "statement_id_prefix": ""
          },
          "sensitive_attributes": [],
          "private": "bnVsbA==",
          "dependencies": [
            "aws_s3_bucket.bucket1",
            "data.aws_iam_policy_document.receiver_policy",
            "module.create_lambda_package.data.external.archive_prepare",
            "module.create_lambda_package.local_file.archive_plan",
            "module.create_lambda_package.null_resource.archive",
            "module.reciever_lambda.aws_cloudwatch_log_group.lambda",
            "module.reciever_lambda.aws_iam_policy.additional_inline",
            "module.reciever_lambda.aws_iam_policy.additional_json",
            "module.reciever_lambda.aws_iam_policy.additional_jsons",
            "module.reciever_lambda.aws_iam_policy.async",
            "module.reciever_lambda.aws_iam_policy.dead_letter",
            "module.reciever_lambda.aws_iam_policy.logs",
            "module.reciever_lambda.aws_iam_policy.tracing",
            "module.reciever_lambda.aws_iam_policy.vpc",
            "module.reciever_lambda.aws_iam_role.lambda",
            "module.reciever_lambda.aws_iam_role_policy_attachment.additional_inline",
            "module.reciever_lambda.aws_iam_role_policy_attachment.additional_json",
            "module.reciever_lambda.aws_iam_role_policy_attachment.additional_jsons",
            "module.reciever_lambda.aws_iam_role_policy_attachment.additional_many",
            "module.reciever_lambda.aws_iam_role_policy_attachment.additional_one",
            "module.reciever_lambda.aws_iam_role_policy_attachment.async",
            "module.reciever_lambda.aws_iam_role_policy_attachment.dead_letter",
            "module.reciever_lambda.aws_iam_role_policy_attachment.logs",
            "module.reciever_lambda.aws_iam_role_policy_attachment.tracing",
            "module.reciever_lambda.aws_iam_role_policy_attachment.vpc",
            "module.reciever_lambda.aws_lambda_function.this",
            "module.reciever_lambda.aws_s3_object.lambda_package",
            "module.reciever_lambda.data.aws_arn.log_group_arn",
            "module.reciever_lambda.data.aws_cloudwatch_log_group.lambda",
            "module.reciever_lambda.data.aws_iam_policy.tracing",
            "module.reciever_lambda.data.aws_iam_policy.vpc",
            "module.reciever_lambda.data.aws_iam_policy_document.additional_inline",
            "module.reciever_lambda.data.aws_iam_policy_document.assume_role",
            "module.reciever_lambda.data.aws_iam_policy_document.async",
            "module.reciever_lambda.data.aws_iam_policy_document.dead_letter",
            "module.reciever_lambda.data.aws_iam_policy_document.logs",
            "module.reciever_lambda.data.aws_partition.current",
            "module.reciever_lambda.data.external.archive_prepare",
            "module.reciever_lambda.local_file.archive_plan",
            "module.reciever_lambda.null_resource.archive"
          ]
        }
      ]
    },
    {
      "mode": "managed",
      "type": "aws_lambda_permission",
      "name": "eventbridge",
      "provider": "provider[\"registry.terraform.io/hashicorp/aws\"]",
      "instances": [
        {
          "schema_version": 0,
          "attributes": {
            "action": "lambda:InvokeFunction",
            "event_source_token": null,
            "function_name": "arn:aws:lambda:us-east-1:594227135020:function:joelabreu-get-transcription-lambda",
            "function_url_auth_type": null,
            "id": "AllowExecutionFromCloudWatch",
            "principal": "events.amazonaws.com",
            "principal_org_id": null,
            "qualifier": "",
            "source_account": null,
            "source_arn": "arn:aws:events:us-east-1:594227135020:rule/joel-transcribe-notify",
            "statement_id": "AllowExecutionFromCloudWatch",
            "statement_id_prefix": ""
          },
          "sensitive_attributes": [],
          "private": "bnVsbA==",
          "dependencies": [
            "aws_cloudwatch_event_rule.transcribe-notify",
            "aws_s3_bucket.bucket1",
            "aws_sns_topic.notify",
            "data.aws_iam_policy_document.get_transcription_policy",
            "module.create_lambda_package.data.external.archive_prepare",
            "module.create_lambda_package.local_file.archive_plan",
            "module.create_lambda_package.null_resource.archive",
            "module.get_transcription_lambda.aws_cloudwatch_log_group.lambda",
            "module.get_transcription_lambda.aws_iam_policy.additional_inline",
            "module.get_transcription_lambda.aws_iam_policy.additional_json",
            "module.get_transcription_lambda.aws_iam_policy.additional_jsons",
            "module.get_transcription_lambda.aws_iam_policy.async",
            "module.get_transcription_lambda.aws_iam_policy.dead_letter",
            "module.get_transcription_lambda.aws_iam_policy.logs",
            "module.get_transcription_lambda.aws_iam_policy.tracing",
            "module.get_transcription_lambda.aws_iam_policy.vpc",
            "module.get_transcription_lambda.aws_iam_role.lambda",
            "module.get_transcription_lambda.aws_iam_role_policy_attachment.additional_inline",
            "module.get_transcription_lambda.aws_iam_role_policy_attachment.additional_json",
            "module.get_transcription_lambda.aws_iam_role_policy_attachment.additional_jsons",
            "module.get_transcription_lambda.aws_iam_role_policy_attachment.additional_many",
            "module.get_transcription_lambda.aws_iam_role_policy_attachment.additional_one",
            "module.get_transcription_lambda.aws_iam_role_policy_attachment.async",
            "module.get_transcription_lambda.aws_iam_role_policy_attachment.dead_letter",
            "module.get_transcription_lambda.aws_iam_role_policy_attachment.logs",
            "module.get_transcription_lambda.aws_iam_role_policy_attachment.tracing",
            "module.get_transcription_lambda.aws_iam_role_policy_attachment.vpc",
            "module.get_transcription_lambda.aws_lambda_function.this",
            "module.get_transcription_lambda.aws_s3_object.lambda_package",
            "module.get_transcription_lambda.data.aws_arn.log_group_arn",
            "module.get_transcription_lambda.data.aws_cloudwatch_log_group.lambda",
            "module.get_transcription_lambda.data.aws_iam_policy.tracing",
            "module.get_transcription_lambda.data.aws_iam_policy.vpc",
            "module.get_transcription_lambda.data.aws_iam_policy_document.additional_inline",
            "module.get_transcription_lambda.data.aws_iam_policy_document.assume_role",
            "module.get_transcription_lambda.data.aws_iam_policy_document.async",
            "module.get_transcription_lambda.data.aws_iam_policy_document.dead_letter",
            "module.get_transcription_lambda.data.aws_iam_policy_document.logs",
            "module.get_transcription_lambda.data.aws_partition.current",
            "module.get_transcription_lambda.data.external.archive_prepare",
            "module.get_transcription_lambda.local_file.archive_plan",
            "module.get_transcription_lambda.null_resource.archive"
          ]
        }
      ]
    },
    {
      "mode": "managed",
      "type": "aws_s3_bucket",
      "name": "bucket1",
      "provider": "provider[\"registry.terraform.io/hashicorp/aws\"]",
      "instances": [
        {
          "schema_version": 0,
          "attributes": {
            "acceleration_status": "",
            "acl": null,
            "arn": "arn:aws:s3:::joel-bucket-093091-sbx",
            "bucket": "joel-bucket-093091-sbx",
            "bucket_domain_name": "joel-bucket-093091-sbx.s3.amazonaws.com",
            "bucket_prefix": null,
            "bucket_regional_domain_name": "joel-bucket-093091-sbx.s3.amazonaws.com",
            "cors_rule": [],
            "force_destroy": false,
            "grant": [
              {
                "id": "59abe7b615f3d93a4bff121ed331b6e7e2b753ac06db3700def8f82203f6a881",
                "permissions": [
                  "FULL_CONTROL"
                ],
                "type": "CanonicalUser",
                "uri": ""
              }
            ],
            "hosted_zone_id": "Z3AQBSTGFYJSTF",
            "id": "joel-bucket-093091-sbx",
            "lifecycle_rule": [],
            "logging": [],
            "object_lock_configuration": [],
            "object_lock_enabled": false,
            "policy": "",
            "region": "us-east-1",
            "replication_configuration": [],
            "request_payer": "BucketOwner",
            "server_side_encryption_configuration": [],
            "tags": {},
            "tags_all": {},
            "timeouts": null,
            "versioning": [
              {
                "enabled": true,
                "mfa_delete": false
              }
            ],
            "website": [],
            "website_domain": null,
            "website_endpoint": null
          },
          "sensitive_attributes": [],
          "private": "eyJlMmJmYjczMC1lY2FhLTExZTYtOGY4OC0zNDM2M2JjN2M0YzAiOnsiY3JlYXRlIjoxMjAwMDAwMDAwMDAwLCJkZWxldGUiOjM2MDAwMDAwMDAwMDAsInJlYWQiOjEyMDAwMDAwMDAwMDAsInVwZGF0ZSI6MTIwMDAwMDAwMDAwMH19"
        }
      ]
    },
    {
      "mode": "managed",
      "type": "aws_s3_bucket_notification",
      "name": "bucket_notification",
      "provider": "provider[\"registry.terraform.io/hashicorp/aws\"]",
      "instances": [
        {
          "schema_version": 0,
          "attributes": {
            "bucket": "joel-bucket-093091-sbx",
            "eventbridge": false,
            "id": "joel-bucket-093091-sbx",
            "lambda_function": [
              {
                "events": [
                  "s3:ObjectCreated:*"
                ],
                "filter_prefix": "upload/",
                "filter_suffix": "",
                "id": "tf-s3-lambda-20221130205024862400000001",
                "lambda_function_arn": "arn:aws:lambda:us-east-1:594227135020:function:joelabreu-receiver-lambda"
              }
            ],
            "queue": [],
            "topic": []
          },
          "sensitive_attributes": [],
          "private": "bnVsbA==",
          "dependencies": [
            "aws_lambda_permission.allow_bucket",
            "aws_s3_bucket.bucket1",
            "data.aws_iam_policy_document.receiver_policy",
            "module.create_lambda_package.data.external.archive_prepare",
            "module.create_lambda_package.local_file.archive_plan",
            "module.create_lambda_package.null_resource.archive",
            "module.reciever_lambda.aws_cloudwatch_log_group.lambda",
            "module.reciever_lambda.aws_iam_policy.additional_inline",
            "module.reciever_lambda.aws_iam_policy.additional_json",
            "module.reciever_lambda.aws_iam_policy.additional_jsons",
            "module.reciever_lambda.aws_iam_policy.async",
            "module.reciever_lambda.aws_iam_policy.dead_letter",
            "module.reciever_lambda.aws_iam_policy.logs",
            "module.reciever_lambda.aws_iam_policy.tracing",
            "module.reciever_lambda.aws_iam_policy.vpc",
            "module.reciever_lambda.aws_iam_role.lambda",
            "module.reciever_lambda.aws_iam_role_policy_attachment.additional_inline",
            "module.reciever_lambda.aws_iam_role_policy_attachment.additional_json",
            "module.reciever_lambda.aws_iam_role_policy_attachment.additional_jsons",
            "module.reciever_lambda.aws_iam_role_policy_attachment.additional_many",
            "module.reciever_lambda.aws_iam_role_policy_attachment.additional_one",
            "module.reciever_lambda.aws_iam_role_policy_attachment.async",
            "module.reciever_lambda.aws_iam_role_policy_attachment.dead_letter",
            "module.reciever_lambda.aws_iam_role_policy_attachment.logs",
            "module.reciever_lambda.aws_iam_role_policy_attachment.tracing",
            "module.reciever_lambda.aws_iam_role_policy_attachment.vpc",
            "module.reciever_lambda.aws_lambda_function.this",
            "module.reciever_lambda.aws_s3_object.lambda_package",
            "module.reciever_lambda.data.aws_arn.log_group_arn",
            "module.reciever_lambda.data.aws_cloudwatch_log_group.lambda",
            "module.reciever_lambda.data.aws_iam_policy.tracing",
            "module.reciever_lambda.data.aws_iam_policy.vpc",
            "module.reciever_lambda.data.aws_iam_policy_document.additional_inline",
            "module.reciever_lambda.data.aws_iam_policy_document.assume_role",
            "module.reciever_lambda.data.aws_iam_policy_document.async",
            "module.reciever_lambda.data.aws_iam_policy_document.dead_letter",
            "module.reciever_lambda.data.aws_iam_policy_document.logs",
            "module.reciever_lambda.data.aws_partition.current",
            "module.reciever_lambda.data.external.archive_prepare",
            "module.reciever_lambda.local_file.archive_plan",
            "module.reciever_lambda.null_resource.archive"
          ]
        }
      ]
    },
    {
      "mode": "managed",
      "type": "aws_s3_bucket_public_access_block",
      "name": "bucket1",
      "provider": "provider[\"registry.terraform.io/hashicorp/aws\"]",
      "instances": [
        {
          "schema_version": 0,
          "attributes": {
            "block_public_acls": true,
            "block_public_policy": true,
            "bucket": "joel-bucket-093091-sbx",
            "id": "joel-bucket-093091-sbx",
            "ignore_public_acls": true,
            "restrict_public_buckets": true
          },
          "sensitive_attributes": [],
          "private": "bnVsbA==",
          "dependencies": [
            "aws_s3_bucket.bucket1"
          ]
        }
      ]
    },
    {
      "mode": "managed",
      "type": "aws_s3_bucket_versioning",
      "name": "bucket1",
      "provider": "provider[\"registry.terraform.io/hashicorp/aws\"]",
      "instances": [
        {
          "schema_version": 0,
          "attributes": {
            "bucket": "joel-bucket-093091-sbx",
            "expected_bucket_owner": "",
            "id": "joel-bucket-093091-sbx",
            "mfa": null,
            "versioning_configuration": [
              {
                "mfa_delete": "",
                "status": "Enabled"
              }
            ]
          },
          "sensitive_attributes": [],
          "private": "bnVsbA==",
          "dependencies": [
            "aws_s3_bucket.bucket1"
          ]
        }
      ]
    },
    {
      "mode": "managed",
      "type": "aws_sns_topic",
      "name": "notify",
      "provider": "provider[\"registry.terraform.io/hashicorp/aws\"]",
      "instances": [
        {
          "schema_version": 0,
          "attributes": {
            "application_failure_feedback_role_arn": "",
            "application_success_feedback_role_arn": "",
            "application_success_feedback_sample_rate": 0,
            "arn": "arn:aws:sns:us-east-1:594227135020:joel_transcribe_notify",
            "content_based_deduplication": false,
            "delivery_policy": "",
            "display_name": "",
            "fifo_topic": false,
            "firehose_failure_feedback_role_arn": "",
            "firehose_success_feedback_role_arn": "",
            "firehose_success_feedback_sample_rate": 0,
            "http_failure_feedback_role_arn": "",
            "http_success_feedback_role_arn": "",
            "http_success_feedback_sample_rate": 0,
            "id": "arn:aws:sns:us-east-1:594227135020:joel_transcribe_notify",
            "kms_master_key_id": "",
            "lambda_failure_feedback_role_arn": "",
            "lambda_success_feedback_role_arn": "",
            "lambda_success_feedback_sample_rate": 0,
            "name": "joel_transcribe_notify",
            "name_prefix": "",
            "owner": "594227135020",
            "policy": "{\"Id\":\"__default_policy_ID\",\"Statement\":[{\"Action\":[\"SNS:GetTopicAttributes\",\"SNS:SetTopicAttributes\",\"SNS:AddPermission\",\"SNS:RemovePermission\",\"SNS:DeleteTopic\",\"SNS:Subscribe\",\"SNS:ListSubscriptionsByTopic\",\"SNS:Publish\"],\"Condition\":{\"StringEquals\":{\"AWS:SourceOwner\":\"594227135020\"}},\"Effect\":\"Allow\",\"Principal\":{\"AWS\":\"*\"},\"Resource\":\"arn:aws:sns:us-east-1:594227135020:joel_transcribe_notify\",\"Sid\":\"__default_statement_ID\"}],\"Version\":\"2008-10-17\"}",
            "sqs_failure_feedback_role_arn": "",
            "sqs_success_feedback_role_arn": "",
            "sqs_success_feedback_sample_rate": 0,
            "tags": {},
            "tags_all": {}
          },
          "sensitive_attributes": [],
          "private": "bnVsbA=="
        }
      ]
    },
    {
      "mode": "managed",
      "type": "aws_sns_topic_subscription",
      "name": "email",
      "provider": "provider[\"registry.terraform.io/hashicorp/aws\"]",
      "instances": [
        {
          "schema_version": 0,
          "attributes": {
            "arn": "arn:aws:sns:us-east-1:594227135020:joel_transcribe_notify:6a326d88-1728-4cb3-8cdf-8429fc2809c5",
            "confirmation_timeout_in_minutes": 1,
            "confirmation_was_authenticated": false,
            "delivery_policy": "",
            "endpoint": "jabreu1@chewy.com",
            "endpoint_auto_confirms": false,
            "filter_policy": "",
            "id": "arn:aws:sns:us-east-1:594227135020:joel_transcribe_notify:6a326d88-1728-4cb3-8cdf-8429fc2809c5",
            "owner_id": "594227135020",
            "pending_confirmation": false,
            "protocol": "email",
            "raw_message_delivery": false,
            "redrive_policy": "",
            "subscription_role_arn": "",
            "topic_arn": "arn:aws:sns:us-east-1:594227135020:joel_transcribe_notify"
          },
          "sensitive_attributes": [],
          "private": "bnVsbA==",
          "dependencies": [
            "aws_sns_topic.notify"
          ]
        }
      ]
    },
    {
      "module": "module.create_lambda_package",
      "mode": "data",
      "type": "aws_partition",
      "name": "current",
      "provider": "provider[\"registry.terraform.io/hashicorp/aws\"]",
      "instances": [
        {
          "schema_version": 0,
          "attributes": {
            "dns_suffix": "amazonaws.com",
            "id": "aws",
            "partition": "aws",
            "reverse_dns_prefix": "com.amazonaws"
          },
          "sensitive_attributes": []
        }
      ]
    },
    {
      "module": "module.create_lambda_package",
      "mode": "data",
      "type": "external",
      "name": "archive_prepare",
      "provider": "provider[\"registry.terraform.io/hashicorp/external\"]",
      "instances": [
        {
          "index_key": 0,
          "schema_version": 0,
          "attributes": {
            "id": "-",
            "program": [
              "python3",
              ".terraform/modules/create_lambda_package/package.py",
              "prepare"
            ],
            "query": {
              "artifacts_dir": "builds",
              "hash_extra": "",
              "hash_extra_paths": "[]",
              "paths": "{\"cwd\":\"/Users/jabreu1/Library/CloudStorage/OneDrive-Chewy.com,LLC/Documents/*Project1/terraform\",\"module\":\".terraform/modules/create_lambda_package\",\"root\":\".\"}",
              "recreate_missing_package": "false",
              "runtime": "python3.9",
              "source_path": "[{\"path\":\"./../transcriber\",\"prefix_in_zip\":\"requirements\"},{\"pip_requirements\":\"./../requirements.txt\"}]"
            },
            "result": {
              "build_plan": "{\"filename\": \"builds/ef6c7d14cae6764e9c4de4c0aa18d8c645432fe8fb1c3a4659d62e3da46fe4b8.zip\", \"runtime\": \"python3.9\", \"artifacts_dir\": \"builds\", \"build_plan\": [[\"zip\", \"./../transcriber\", \"requirements\"], [\"pip\", \"python3.9\", \"./../requirements.txt\", null, null]]}",
              "build_plan_filename": "builds/ef6c7d14cae6764e9c4de4c0aa18d8c645432fe8fb1c3a4659d62e3da46fe4b8.plan.json",
              "filename": "builds/ef6c7d14cae6764e9c4de4c0aa18d8c645432fe8fb1c3a4659d62e3da46fe4b8.zip",
              "timestamp": "\u003cWARNING: Missing lambda zip artifacts wouldn't be restored\u003e",
              "was_missing": "false"
            },
            "working_dir": null
          },
          "sensitive_attributes": []
        }
      ]
    },
    {
      "module": "module.create_lambda_package",
      "mode": "managed",
      "type": "local_file",
      "name": "archive_plan",
      "provider": "provider[\"registry.terraform.io/hashicorp/local\"]",
      "instances": [
        {
          "index_key": 0,
          "schema_version": 0,
          "attributes": {
            "content": "{\"filename\": \"builds/ef6c7d14cae6764e9c4de4c0aa18d8c645432fe8fb1c3a4659d62e3da46fe4b8.zip\", \"runtime\": \"python3.9\", \"artifacts_dir\": \"builds\", \"build_plan\": [[\"zip\", \"./../transcriber\", \"requirements\"], [\"pip\", \"python3.9\", \"./../requirements.txt\", null, null]]}",
            "content_base64": null,
            "directory_permission": "0755",
            "file_permission": "0644",
            "filename": "builds/ef6c7d14cae6764e9c4de4c0aa18d8c645432fe8fb1c3a4659d62e3da46fe4b8.plan.json",
            "id": "9ddaf41b3b335a05d9b8080b62d3730020e637c8",
            "sensitive_content": null,
            "source": null
          },
          "sensitive_attributes": [],
          "private": "bnVsbA==",
          "dependencies": [
            "module.create_lambda_package.data.external.archive_prepare"
          ]
        }
      ]
    },
    {
      "module": "module.create_lambda_package",
      "mode": "managed",
      "type": "null_resource",
      "name": "archive",
      "provider": "provider[\"registry.terraform.io/hashicorp/null\"]",
      "instances": [
        {
          "index_key": 0,
          "schema_version": 0,
          "attributes": {
            "id": "9155661642490960350",
            "triggers": {
              "filename": "builds/ef6c7d14cae6764e9c4de4c0aa18d8c645432fe8fb1c3a4659d62e3da46fe4b8.zip",
              "timestamp": "\u003cWARNING: Missing lambda zip artifacts wouldn't be restored\u003e"
            }
          },
          "sensitive_attributes": [],
          "dependencies": [
            "module.create_lambda_package.data.external.archive_prepare",
            "module.create_lambda_package.local_file.archive_plan"
          ]
        }
      ]
    },
    {
      "module": "module.get_transcription_lambda",
      "mode": "data",
      "type": "aws_iam_policy_document",
      "name": "assume_role",
      "provider": "provider[\"registry.terraform.io/hashicorp/aws\"]",
      "instances": [
        {
          "index_key": 0,
          "schema_version": 0,
          "attributes": {
            "id": "3693445097",
            "json": "{\n  \"Version\": \"2012-10-17\",\n  \"Statement\": [\n    {\n      \"Sid\": \"\",\n      \"Effect\": \"Allow\",\n      \"Action\": \"sts:AssumeRole\",\n      \"Principal\": {\n        \"Service\": \"lambda.amazonaws.com\"\n      }\n    }\n  ]\n}",
            "override_json": null,
            "override_policy_documents": null,
            "policy_id": null,
            "source_json": null,
            "source_policy_documents": null,
            "statement": [
              {
                "actions": [
                  "sts:AssumeRole"
                ],
                "condition": [],
                "effect": "Allow",
                "not_actions": [],
                "not_principals": [],
                "not_resources": [],
                "principals": [
                  {
                    "identifiers": [
                      "lambda.amazonaws.com"
                    ],
                    "type": "Service"
                  }
                ],
                "resources": [],
                "sid": ""
              }
            ],
            "version": "2012-10-17"
          },
          "sensitive_attributes": []
        }
      ]
    },
    {
      "module": "module.get_transcription_lambda",
      "mode": "data",
      "type": "aws_iam_policy_document",
      "name": "logs",
      "provider": "provider[\"registry.terraform.io/hashicorp/aws\"]",
      "instances": [
        {
          "index_key": 0,
          "schema_version": 0,
          "attributes": {
            "id": "2401317985",
            "json": "{\n  \"Version\": \"2012-10-17\",\n  \"Statement\": [\n    {\n      \"Sid\": \"\",\n      \"Effect\": \"Allow\",\n      \"Action\": [\n        \"logs:PutLogEvents\",\n        \"logs:CreateLogStream\",\n        \"logs:CreateLogGroup\"\n      ],\n      \"Resource\": [\n        \"arn:aws:logs:us-east-1:594227135020:log-group:/aws/lambda/joelabreu-get-transcription-lambda:*:*\",\n        \"arn:aws:logs:us-east-1:594227135020:log-group:/aws/lambda/joelabreu-get-transcription-lambda:*\"\n      ]\n    }\n  ]\n}",
            "override_json": null,
            "override_policy_documents": null,
            "policy_id": null,
            "source_json": null,
            "source_policy_documents": null,
            "statement": [
              {
                "actions": [
                  "logs:CreateLogGroup",
                  "logs:CreateLogStream",
                  "logs:PutLogEvents"
                ],
                "condition": [],
                "effect": "Allow",
                "not_actions": [],
                "not_principals": [],
                "not_resources": [],
                "principals": [],
                "resources": [
                  "arn:aws:logs:us-east-1:594227135020:log-group:/aws/lambda/joelabreu-get-transcription-lambda:*",
                  "arn:aws:logs:us-east-1:594227135020:log-group:/aws/lambda/joelabreu-get-transcription-lambda:*:*"
                ],
                "sid": ""
              }
            ],
            "version": "2012-10-17"
          },
          "sensitive_attributes": []
        }
      ]
    },
    {
      "module": "module.get_transcription_lambda",
      "mode": "data",
      "type": "aws_partition",
      "name": "current",
      "provider": "provider[\"registry.terraform.io/hashicorp/aws\"]",
      "instances": [
        {
          "schema_version": 0,
          "attributes": {
            "dns_suffix": "amazonaws.com",
            "id": "aws",
            "partition": "aws",
            "reverse_dns_prefix": "com.amazonaws"
          },
          "sensitive_attributes": []
        }
      ]
    },
    {
      "module": "module.get_transcription_lambda",
      "mode": "managed",
      "type": "aws_cloudwatch_log_group",
      "name": "lambda",
      "provider": "provider[\"registry.terraform.io/hashicorp/aws\"]",
      "instances": [
        {
          "index_key": 0,
          "schema_version": 0,
          "attributes": {
            "arn": "arn:aws:logs:us-east-1:594227135020:log-group:/aws/lambda/joelabreu-get-transcription-lambda",
            "id": "/aws/lambda/joelabreu-get-transcription-lambda",
            "kms_key_id": "",
            "name": "/aws/lambda/joelabreu-get-transcription-lambda",
            "name_prefix": "",
            "retention_in_days": 0,
            "skip_destroy": false,
            "tags": {},
            "tags_all": {}
          },
          "sensitive_attributes": [],
          "private": "bnVsbA=="
        }
      ]
    },
    {
      "module": "module.get_transcription_lambda",
      "mode": "managed",
      "type": "aws_iam_policy",
      "name": "additional_json",
      "provider": "provider[\"registry.terraform.io/hashicorp/aws\"]",
      "instances": [
        {
          "index_key": 0,
          "schema_version": 0,
          "attributes": {
            "arn": "arn:aws:iam::594227135020:policy/joelabreu-get-transcription-lambda",
            "description": "",
            "id": "arn:aws:iam::594227135020:policy/joelabreu-get-transcription-lambda",
            "name": "joelabreu-get-transcription-lambda",
            "name_prefix": null,
            "path": "/",
            "policy": "{\"Statement\":[{\"Action\":\"transcribe:GetTranscriptionJob\",\"Effect\":\"Allow\",\"Resource\":\"*\",\"Sid\":\"1\"},{\"Action\":\"s3:PutObject\",\"Effect\":\"Allow\",\"Resource\":\"arn:aws:s3:::joel-bucket-093091-sbx/*\",\"Sid\":\"2\"},{\"Action\":\"sns:Publish\",\"Effect\":\"Allow\",\"Resource\":\"arn:aws:sns:us-east-1:594227135020:joel_transcribe_notify\",\"Sid\":\"3\"}],\"Version\":\"2012-10-17\"}",
            "policy_id": "ANPAYUWVSQIWIQVORZFYE",
            "tags": {},
            "tags_all": {}
          },
          "sensitive_attributes": [],
          "private": "bnVsbA==",
          "dependencies": [
            "aws_s3_bucket.bucket1",
            "aws_sns_topic.notify",
            "data.aws_iam_policy_document.get_transcription_policy"
          ]
        }
      ]
    },
    {
      "module": "module.get_transcription_lambda",
      "mode": "managed",
      "type": "aws_iam_policy",
      "name": "logs",
      "provider": "provider[\"registry.terraform.io/hashicorp/aws\"]",
      "instances": [
        {
          "index_key": 0,
          "schema_version": 0,
          "attributes": {
            "arn": "arn:aws:iam::594227135020:policy/joelabreu-get-transcription-lambda-logs",
            "description": "",
            "id": "arn:aws:iam::594227135020:policy/joelabreu-get-transcription-lambda-logs",
            "name": "joelabreu-get-transcription-lambda-logs",
            "name_prefix": null,
            "path": "/",
            "policy": "{\"Statement\":[{\"Action\":[\"logs:PutLogEvents\",\"logs:CreateLogStream\",\"logs:CreateLogGroup\"],\"Effect\":\"Allow\",\"Resource\":[\"arn:aws:logs:us-east-1:594227135020:log-group:/aws/lambda/joelabreu-get-transcription-lambda:*:*\",\"arn:aws:logs:us-east-1:594227135020:log-group:/aws/lambda/joelabreu-get-transcription-lambda:*\"],\"Sid\":\"\"}],\"Version\":\"2012-10-17\"}",
            "policy_id": "ANPAYUWVSQIWDN7JKPMUT",
            "tags": {},
            "tags_all": {}
          },
          "sensitive_attributes": [],
          "private": "bnVsbA==",
          "dependencies": [
            "module.get_transcription_lambda.aws_cloudwatch_log_group.lambda",
            "module.get_transcription_lambda.data.aws_arn.log_group_arn",
            "module.get_transcription_lambda.data.aws_cloudwatch_log_group.lambda",
            "module.get_transcription_lambda.data.aws_iam_policy_document.logs"
          ]
        }
      ]
    },
    {
      "module": "module.get_transcription_lambda",
      "mode": "managed",
      "type": "aws_iam_role",
      "name": "lambda",
      "provider": "provider[\"registry.terraform.io/hashicorp/aws\"]",
      "instances": [
        {
          "index_key": 0,
          "schema_version": 0,
          "attributes": {
            "arn": "arn:aws:iam::594227135020:role/joelabreu-get-transcription-lambda",
            "assume_role_policy": "{\"Statement\":[{\"Action\":\"sts:AssumeRole\",\"Effect\":\"Allow\",\"Principal\":{\"Service\":\"lambda.amazonaws.com\"},\"Sid\":\"\"}],\"Version\":\"2012-10-17\"}",
            "create_date": "2022-12-09T20:40:06Z",
            "description": "",
            "force_detach_policies": true,
            "id": "joelabreu-get-transcription-lambda",
            "inline_policy": [],
            "managed_policy_arns": [
              "arn:aws:iam::594227135020:policy/joelabreu-get-transcription-lambda",
              "arn:aws:iam::594227135020:policy/joelabreu-get-transcription-lambda-logs"
            ],
            "max_session_duration": 3600,
            "name": "joelabreu-get-transcription-lambda",
            "name_prefix": "",
            "path": "/",
            "permissions_boundary": null,
            "tags": {},
            "tags_all": {},
            "unique_id": "AROAYUWVSQIWHBPXH4EHI"
          },
          "sensitive_attributes": [],
          "private": "bnVsbA==",
          "dependencies": [
            "module.get_transcription_lambda.data.aws_iam_policy_document.assume_role"
          ]
        }
      ]
    },
    {
      "module": "module.get_transcription_lambda",
      "mode": "managed",
      "type": "aws_iam_role_policy_attachment",
      "name": "additional_json",
      "provider": "provider[\"registry.terraform.io/hashicorp/aws\"]",
      "instances": [
        {
          "index_key": 0,
          "schema_version": 0,
          "attributes": {
            "id": "joelabreu-get-transcription-lambda-20221209204007211000000001",
            "policy_arn": "arn:aws:iam::594227135020:policy/joelabreu-get-transcription-lambda",
            "role": "joelabreu-get-transcription-lambda"
          },
          "sensitive_attributes": [],
          "private": "bnVsbA==",
          "dependencies": [
            "aws_s3_bucket.bucket1",
            "aws_sns_topic.notify",
            "data.aws_iam_policy_document.get_transcription_policy",
            "module.get_transcription_lambda.aws_iam_policy.additional_json",
            "module.get_transcription_lambda.aws_iam_role.lambda",
            "module.get_transcription_lambda.data.aws_iam_policy_document.assume_role"
          ]
        }
      ]
    },
    {
      "module": "module.get_transcription_lambda",
      "mode": "managed",
      "type": "aws_iam_role_policy_attachment",
      "name": "logs",
      "provider": "provider[\"registry.terraform.io/hashicorp/aws\"]",
      "instances": [
        {
          "index_key": 0,
          "schema_version": 0,
          "attributes": {
            "id": "joelabreu-get-transcription-lambda-20221209204007216100000002",
            "policy_arn": "arn:aws:iam::594227135020:policy/joelabreu-get-transcription-lambda-logs",
            "role": "joelabreu-get-transcription-lambda"
          },
          "sensitive_attributes": [],
          "private": "bnVsbA==",
          "dependencies": [
            "module.get_transcription_lambda.aws_cloudwatch_log_group.lambda",
            "module.get_transcription_lambda.aws_iam_policy.logs",
            "module.get_transcription_lambda.aws_iam_role.lambda",
            "module.get_transcription_lambda.data.aws_arn.log_group_arn",
            "module.get_transcription_lambda.data.aws_cloudwatch_log_group.lambda",
            "module.get_transcription_lambda.data.aws_iam_policy_document.assume_role",
            "module.get_transcription_lambda.data.aws_iam_policy_document.logs"
          ]
        }
      ]
    },
    {
      "module": "module.get_transcription_lambda",
      "mode": "managed",
      "type": "aws_lambda_function",
      "name": "this",
      "provider": "provider[\"registry.terraform.io/hashicorp/aws\"]",
      "instances": [
        {
          "index_key": 0,
          "schema_version": 0,
          "attributes": {
            "architectures": [
              "x86_64"
            ],
            "arn": "arn:aws:lambda:us-east-1:594227135020:function:joelabreu-get-transcription-lambda",
            "code_signing_config_arn": "",
            "dead_letter_config": [],
            "description": "lambda function pulls completed transcriptions",
            "environment": [
              {
                "variables": {
                  "NOTIFY_SNS_TOPIC": "arn:aws:sns:us-east-1:594227135020:joel_transcribe_notify"
                }
              }
            ],
            "ephemeral_storage": [
              {
                "size": 512
              }
            ],
            "file_system_config": [],
            "filename": "builds/ef6c7d14cae6764e9c4de4c0aa18d8c645432fe8fb1c3a4659d62e3da46fe4b8.zip",
            "function_name": "joelabreu-get-transcription-lambda",
            "handler": "transcriber.get_transcription.lambda_handler",
            "id": "joelabreu-get-transcription-lambda",
            "image_config": [],
            "image_uri": "",
            "invoke_arn": "arn:aws:apigateway:us-east-1:lambda:path/2015-03-31/functions/arn:aws:lambda:us-east-1:594227135020:function:joelabreu-get-transcription-lambda/invocations",
            "kms_key_arn": "",
            "last_modified": "2022-12-16T20:09:18.000+0000",
            "layers": [],
            "memory_size": 128,
            "package_type": "Zip",
            "publish": true,
            "qualified_arn": "arn:aws:lambda:us-east-1:594227135020:function:joelabreu-get-transcription-lambda:19",
            "qualified_invoke_arn": "arn:aws:apigateway:us-east-1:lambda:path/2015-03-31/functions/arn:aws:lambda:us-east-1:594227135020:function:joelabreu-get-transcription-lambda:19/invocations",
            "reserved_concurrent_executions": -1,
            "role": "arn:aws:iam::594227135020:role/joelabreu-get-transcription-lambda",
            "runtime": "python3.9",
            "s3_bucket": null,
            "s3_key": null,
            "s3_object_version": null,
            "signing_job_arn": "",
            "signing_profile_version_arn": "",
            "source_code_hash": "iMb50dw6qFcqhg301QBgwV2em3XXkFtkEe5x5ZKi4oE=",
            "source_code_size": 469471,
            "tags": {},
            "tags_all": {},
            "timeout": 60,
            "timeouts": null,
            "tracing_config": [
              {
                "mode": "PassThrough"
              }
            ],
            "version": "19",
            "vpc_config": []
          },
          "sensitive_attributes": [],
          "private": "eyJlMmJmYjczMC1lY2FhLTExZTYtOGY4OC0zNDM2M2JjN2M0YzAiOnsiY3JlYXRlIjo2MDAwMDAwMDAwMDB9fQ==",
          "dependencies": [
            "aws_sns_topic.notify",
            "module.create_lambda_package.data.external.archive_prepare",
            "module.create_lambda_package.local_file.archive_plan",
            "module.create_lambda_package.null_resource.archive",
            "module.get_transcription_lambda.aws_cloudwatch_log_group.lambda",
            "module.get_transcription_lambda.aws_iam_role.lambda",
            "module.get_transcription_lambda.aws_iam_role_policy_attachment.additional_inline",
            "module.get_transcription_lambda.aws_iam_role_policy_attachment.additional_json",
            "module.get_transcription_lambda.aws_iam_role_policy_attachment.additional_jsons",
            "module.get_transcription_lambda.aws_iam_role_policy_attachment.additional_many",
            "module.get_transcription_lambda.aws_iam_role_policy_attachment.additional_one",
            "module.get_transcription_lambda.aws_iam_role_policy_attachment.async",
            "module.get_transcription_lambda.aws_iam_role_policy_attachment.dead_letter",
            "module.get_transcription_lambda.aws_iam_role_policy_attachment.logs",
            "module.get_transcription_lambda.aws_iam_role_policy_attachment.tracing",
            "module.get_transcription_lambda.aws_iam_role_policy_attachment.vpc",
            "module.get_transcription_lambda.aws_s3_object.lambda_package",
            "module.get_transcription_lambda.data.external.archive_prepare",
            "module.get_transcription_lambda.null_resource.archive"
          ]
        }
      ]
    },
    {
      "module": "module.reciever_lambda",
      "mode": "data",
      "type": "aws_iam_policy_document",
      "name": "assume_role",
      "provider": "provider[\"registry.terraform.io/hashicorp/aws\"]",
      "instances": [
        {
          "index_key": 0,
          "schema_version": 0,
          "attributes": {
            "id": "3693445097",
            "json": "{\n  \"Version\": \"2012-10-17\",\n  \"Statement\": [\n    {\n      \"Sid\": \"\",\n      \"Effect\": \"Allow\",\n      \"Action\": \"sts:AssumeRole\",\n      \"Principal\": {\n        \"Service\": \"lambda.amazonaws.com\"\n      }\n    }\n  ]\n}",
            "override_json": null,
            "override_policy_documents": null,
            "policy_id": null,
            "source_json": null,
            "source_policy_documents": null,
            "statement": [
              {
                "actions": [
                  "sts:AssumeRole"
                ],
                "condition": [],
                "effect": "Allow",
                "not_actions": [],
                "not_principals": [],
                "not_resources": [],
                "principals": [
                  {
                    "identifiers": [
                      "lambda.amazonaws.com"
                    ],
                    "type": "Service"
                  }
                ],
                "resources": [],
                "sid": ""
              }
            ],
            "version": "2012-10-17"
          },
          "sensitive_attributes": []
        }
      ]
    },
    {
      "module": "module.reciever_lambda",
      "mode": "data",
      "type": "aws_iam_policy_document",
      "name": "logs",
      "provider": "provider[\"registry.terraform.io/hashicorp/aws\"]",
      "instances": [
        {
          "index_key": 0,
          "schema_version": 0,
          "attributes": {
            "id": "3212635167",
            "json": "{\n  \"Version\": \"2012-10-17\",\n  \"Statement\": [\n    {\n      \"Sid\": \"\",\n      \"Effect\": \"Allow\",\n      \"Action\": [\n        \"logs:PutLogEvents\",\n        \"logs:CreateLogStream\",\n        \"logs:CreateLogGroup\"\n      ],\n      \"Resource\": [\n        \"arn:aws:logs:us-east-1:594227135020:log-group:/aws/lambda/joelabreu-receiver-lambda:*:*\",\n        \"arn:aws:logs:us-east-1:594227135020:log-group:/aws/lambda/joelabreu-receiver-lambda:*\"\n      ]\n    }\n  ]\n}",
            "override_json": null,
            "override_policy_documents": null,
            "policy_id": null,
            "source_json": null,
            "source_policy_documents": null,
            "statement": [
              {
                "actions": [
                  "logs:CreateLogGroup",
                  "logs:CreateLogStream",
                  "logs:PutLogEvents"
                ],
                "condition": [],
                "effect": "Allow",
                "not_actions": [],
                "not_principals": [],
                "not_resources": [],
                "principals": [],
                "resources": [
                  "arn:aws:logs:us-east-1:594227135020:log-group:/aws/lambda/joelabreu-receiver-lambda:*",
                  "arn:aws:logs:us-east-1:594227135020:log-group:/aws/lambda/joelabreu-receiver-lambda:*:*"
                ],
                "sid": ""
              }
            ],
            "version": "2012-10-17"
          },
          "sensitive_attributes": []
        }
      ]
    },
    {
      "module": "module.reciever_lambda",
      "mode": "data",
      "type": "aws_partition",
      "name": "current",
      "provider": "provider[\"registry.terraform.io/hashicorp/aws\"]",
      "instances": [
        {
          "schema_version": 0,
          "attributes": {
            "dns_suffix": "amazonaws.com",
            "id": "aws",
            "partition": "aws",
            "reverse_dns_prefix": "com.amazonaws"
          },
          "sensitive_attributes": []
        }
      ]
    },
    {
      "module": "module.reciever_lambda",
      "mode": "managed",
      "type": "aws_cloudwatch_log_group",
      "name": "lambda",
      "provider": "provider[\"registry.terraform.io/hashicorp/aws\"]",
      "instances": [
        {
          "index_key": 0,
          "schema_version": 0,
          "attributes": {
            "arn": "arn:aws:logs:us-east-1:594227135020:log-group:/aws/lambda/joelabreu-receiver-lambda",
            "id": "/aws/lambda/joelabreu-receiver-lambda",
            "kms_key_id": "",
            "name": "/aws/lambda/joelabreu-receiver-lambda",
            "name_prefix": "",
            "retention_in_days": 0,
            "skip_destroy": false,
            "tags": {},
            "tags_all": {}
          },
          "sensitive_attributes": [],
          "private": "bnVsbA=="
        }
      ]
    },
    {
      "module": "module.reciever_lambda",
      "mode": "managed",
      "type": "aws_iam_policy",
      "name": "additional_json",
      "provider": "provider[\"registry.terraform.io/hashicorp/aws\"]",
      "instances": [
        {
          "index_key": 0,
          "schema_version": 0,
          "attributes": {
            "arn": "arn:aws:iam::594227135020:policy/joelabreu-receiver-lambda",
            "description": "",
            "id": "arn:aws:iam::594227135020:policy/joelabreu-receiver-lambda",
            "name": "joelabreu-receiver-lambda",
            "name_prefix": null,
            "path": "/",
            "policy": "{\"Statement\":[{\"Action\":\"transcribe:StartTranscriptionJob\",\"Effect\":\"Allow\",\"Resource\":\"*\",\"Sid\":\"1\"},{\"Action\":\"s3:GetObject\",\"Effect\":\"Allow\",\"Resource\":\"arn:aws:s3:::joel-bucket-093091-sbx/*\",\"Sid\":\"2\"}],\"Version\":\"2012-10-17\"}",
            "policy_id": "ANPAYUWVSQIWB2F4SBVUB",
            "tags": {},
            "tags_all": {}
          },
          "sensitive_attributes": [],
          "private": "bnVsbA==",
          "dependencies": [
            "aws_s3_bucket.bucket1",
            "data.aws_iam_policy_document.receiver_policy"
          ]
        }
      ]
    },
    {
      "module": "module.reciever_lambda",
      "mode": "managed",
      "type": "aws_iam_policy",
      "name": "logs",
      "provider": "provider[\"registry.terraform.io/hashicorp/aws\"]",
      "instances": [
        {
          "index_key": 0,
          "schema_version": 0,
          "attributes": {
            "arn": "arn:aws:iam::594227135020:policy/joelabreu-receiver-lambda-logs",
            "description": "",
            "id": "arn:aws:iam::594227135020:policy/joelabreu-receiver-lambda-logs",
            "name": "joelabreu-receiver-lambda-logs",
            "name_prefix": null,
            "path": "/",
            "policy": "{\"Statement\":[{\"Action\":[\"logs:PutLogEvents\",\"logs:CreateLogStream\",\"logs:CreateLogGroup\"],\"Effect\":\"Allow\",\"Resource\":[\"arn:aws:logs:us-east-1:594227135020:log-group:/aws/lambda/joelabreu-receiver-lambda:*:*\",\"arn:aws:logs:us-east-1:594227135020:log-group:/aws/lambda/joelabreu-receiver-lambda:*\"],\"Sid\":\"\"}],\"Version\":\"2012-10-17\"}",
            "policy_id": "ANPAYUWVSQIWME65Y45VH",
            "tags": {},
            "tags_all": {}
          },
          "sensitive_attributes": [],
          "private": "bnVsbA==",
          "dependencies": [
            "module.reciever_lambda.aws_cloudwatch_log_group.lambda",
            "module.reciever_lambda.data.aws_arn.log_group_arn",
            "module.reciever_lambda.data.aws_cloudwatch_log_group.lambda",
            "module.reciever_lambda.data.aws_iam_policy_document.logs"
          ]
        }
      ]
    },
    {
      "module": "module.reciever_lambda",
      "mode": "managed",
      "type": "aws_iam_role",
      "name": "lambda",
      "provider": "provider[\"registry.terraform.io/hashicorp/aws\"]",
      "instances": [
        {
          "index_key": 0,
          "schema_version": 0,
          "attributes": {
            "arn": "arn:aws:iam::594227135020:role/joelabreu-receiver-lambda",
            "assume_role_policy": "{\"Statement\":[{\"Action\":\"sts:AssumeRole\",\"Effect\":\"Allow\",\"Principal\":{\"Service\":\"lambda.amazonaws.com\"},\"Sid\":\"\"}],\"Version\":\"2012-10-17\"}",
            "create_date": "2022-11-30T20:28:53Z",
            "description": "",
            "force_detach_policies": true,
            "id": "joelabreu-receiver-lambda",
            "inline_policy": [],
            "managed_policy_arns": [
              "arn:aws:iam::594227135020:policy/joelabreu-receiver-lambda",
              "arn:aws:iam::594227135020:policy/joelabreu-receiver-lambda-logs"
            ],
            "max_session_duration": 3600,
            "name": "joelabreu-receiver-lambda",
            "name_prefix": "",
            "path": "/",
            "permissions_boundary": null,
            "tags": {},
            "tags_all": {},
            "unique_id": "AROAYUWVSQIWBRM4WWFMG"
          },
          "sensitive_attributes": [],
          "private": "bnVsbA==",
          "dependencies": [
            "module.reciever_lambda.data.aws_iam_policy_document.assume_role"
          ]
        }
      ]
    },
    {
      "module": "module.reciever_lambda",
      "mode": "managed",
      "type": "aws_iam_role_policy_attachment",
      "name": "additional_json",
      "provider": "provider[\"registry.terraform.io/hashicorp/aws\"]",
      "instances": [
        {
          "index_key": 0,
          "schema_version": 0,
          "attributes": {
            "id": "joelabreu-receiver-lambda-20221202204612621900000001",
            "policy_arn": "arn:aws:iam::594227135020:policy/joelabreu-receiver-lambda",
            "role": "joelabreu-receiver-lambda"
          },
          "sensitive_attributes": [],
          "private": "bnVsbA==",
          "dependencies": [
            "aws_s3_bucket.bucket1",
            "data.aws_iam_policy_document.receiver_policy",
            "module.reciever_lambda.aws_iam_policy.additional_json",
            "module.reciever_lambda.aws_iam_role.lambda",
            "module.reciever_lambda.data.aws_iam_policy_document.assume_role"
          ]
        }
      ]
    },
    {
      "module": "module.reciever_lambda",
      "mode": "managed",
      "type": "aws_iam_role_policy_attachment",
      "name": "logs",
      "provider": "provider[\"registry.terraform.io/hashicorp/aws\"]",
      "instances": [
        {
          "index_key": 0,
          "schema_version": 0,
          "attributes": {
            "id": "joelabreu-receiver-lambda-20221130202854166100000001",
            "policy_arn": "arn:aws:iam::594227135020:policy/joelabreu-receiver-lambda-logs",
            "role": "joelabreu-receiver-lambda"
          },
          "sensitive_attributes": [],
          "private": "bnVsbA==",
          "dependencies": [
            "module.reciever_lambda.aws_cloudwatch_log_group.lambda",
            "module.reciever_lambda.aws_iam_policy.logs",
            "module.reciever_lambda.aws_iam_role.lambda",
            "module.reciever_lambda.data.aws_arn.log_group_arn",
            "module.reciever_lambda.data.aws_cloudwatch_log_group.lambda",
            "module.reciever_lambda.data.aws_iam_policy_document.assume_role",
            "module.reciever_lambda.data.aws_iam_policy_document.logs"
          ]
        }
      ]
    },
    {
      "module": "module.reciever_lambda",
      "mode": "managed",
      "type": "aws_lambda_function",
      "name": "this",
      "provider": "provider[\"registry.terraform.io/hashicorp/aws\"]",
      "instances": [
        {
          "index_key": 0,
          "schema_version": 0,
          "attributes": {
            "architectures": [
              "x86_64"
            ],
            "arn": "arn:aws:lambda:us-east-1:594227135020:function:joelabreu-receiver-lambda",
            "code_signing_config_arn": "",
            "dead_letter_config": [],
            "description": "lambda function recieves s3 notifications",
            "environment": [],
            "ephemeral_storage": [
              {
                "size": 512
              }
            ],
            "file_system_config": [],
            "filename": "builds/ef6c7d14cae6764e9c4de4c0aa18d8c645432fe8fb1c3a4659d62e3da46fe4b8.zip",
            "function_name": "joelabreu-receiver-lambda",
            "handler": "transcriber.receiver.lambda_handler",
            "id": "joelabreu-receiver-lambda",
            "image_config": [],
            "image_uri": "",
            "invoke_arn": "arn:aws:apigateway:us-east-1:lambda:path/2015-03-31/functions/arn:aws:lambda:us-east-1:594227135020:function:joelabreu-receiver-lambda/invocations",
            "kms_key_arn": "",
            "last_modified": "2022-12-16T20:09:12.000+0000",
            "layers": [],
            "memory_size": 128,
            "package_type": "Zip",
            "publish": true,
            "qualified_arn": "arn:aws:lambda:us-east-1:594227135020:function:joelabreu-receiver-lambda:19",
            "qualified_invoke_arn": "arn:aws:apigateway:us-east-1:lambda:path/2015-03-31/functions/arn:aws:lambda:us-east-1:594227135020:function:joelabreu-receiver-lambda:19/invocations",
            "reserved_concurrent_executions": -1,
            "role": "arn:aws:iam::594227135020:role/joelabreu-receiver-lambda",
            "runtime": "python3.9",
            "s3_bucket": null,
            "s3_key": null,
            "s3_object_version": null,
            "signing_job_arn": "",
            "signing_profile_version_arn": "",
            "source_code_hash": "iMb50dw6qFcqhg301QBgwV2em3XXkFtkEe5x5ZKi4oE=",
            "source_code_size": 469471,
            "tags": {},
            "tags_all": {},
            "timeout": 60,
            "timeouts": null,
            "tracing_config": [
              {
                "mode": "PassThrough"
              }
            ],
            "version": "19",
            "vpc_config": []
          },
          "sensitive_attributes": [],
          "private": "eyJlMmJmYjczMC1lY2FhLTExZTYtOGY4OC0zNDM2M2JjN2M0YzAiOnsiY3JlYXRlIjo2MDAwMDAwMDAwMDB9fQ==",
          "dependencies": [
            "module.create_lambda_package.data.external.archive_prepare",
            "module.create_lambda_package.local_file.archive_plan",
            "module.create_lambda_package.null_resource.archive",
            "module.reciever_lambda.aws_cloudwatch_log_group.lambda",
            "module.reciever_lambda.aws_iam_role.lambda",
            "module.reciever_lambda.aws_iam_role_policy_attachment.additional_inline",
            "module.reciever_lambda.aws_iam_role_policy_attachment.additional_json",
            "module.reciever_lambda.aws_iam_role_policy_attachment.additional_jsons",
            "module.reciever_lambda.aws_iam_role_policy_attachment.additional_many",
            "module.reciever_lambda.aws_iam_role_policy_attachment.additional_one",
            "module.reciever_lambda.aws_iam_role_policy_attachment.async",
            "module.reciever_lambda.aws_iam_role_policy_attachment.dead_letter",
            "module.reciever_lambda.aws_iam_role_policy_attachment.logs",
            "module.reciever_lambda.aws_iam_role_policy_attachment.tracing",
            "module.reciever_lambda.aws_iam_role_policy_attachment.vpc",
            "module.reciever_lambda.aws_s3_object.lambda_package",
            "module.reciever_lambda.data.external.archive_prepare",
            "module.reciever_lambda.null_resource.archive"
          ]
        }
      ]
    }
  ]
}
